{
  "name": "bumpify-cli",
  "version": "1.0.7",
  "lockfileVersion": 3,
  "requires": true,
  "packages": {
    "": {
      "name": "bumpify-cli",
      "version": "1.0.7",
      "license": "MIT",
      "bin": {
        "bumpify": "index.js"
      },
      "engines": {
        "node": ">=18"
      }
    }
  }
}
